// !$*UTF8*$!
{
	archiveVersion = 1;
	classes = {
	};
	objectVersion = 46;
	objects = {

/* Begin PBXBuildFile section */
		DD10D95D1ED35AE400F2E897 /* AppDelegate.swift in Sources */ = {isa = PBXBuildFile; fileRef = DD10D95C1ED35AE400F2E897 /* AppDelegate.swift */; };
		DD10D9641ED35AE400F2E897 /* Assets.xcassets in Resources */ = {isa = PBXBuildFile; fileRef = DD10D9631ED35AE400F2E897 /* Assets.xcassets */; };
		DD10D9671ED35AE400F2E897 /* LaunchScreen.storyboard in Resources */ = {isa = PBXBuildFile; fileRef = DD10D9651ED35AE400F2E897 /* LaunchScreen.storyboard */; };
		DD10D9731ED35C1D00F2E897 /* Utility.swift in Sources */ = {isa = PBXBuildFile; fileRef = DD10D9721ED35C1D00F2E897 /* Utility.swift */; };
		DD10D9761ED35C7000F2E897 /* ViewController.swift in Sources */ = {isa = PBXBuildFile; fileRef = DD10D9741ED35C7000F2E897 /* ViewController.swift */; };
		DD10D9771ED35C7000F2E897 /* CurrentWeatherView.swift in Sources */ = {isa = PBXBuildFile; fileRef = DD10D9751ED35C7000F2E897 /* CurrentWeatherView.swift */; };
		DD10D9791ED35C7900F2E897 /* BackendCommunicator.swift in Sources */ = {isa = PBXBuildFile; fileRef = DD10D9781ED35C7900F2E897 /* BackendCommunicator.swift */; };
		DD10D97D1ED35DFA00F2E897 /* Alamofire.framework in Frameworks */ = {isa = PBXBuildFile; fileRef = DD10D97A1ED35DFA00F2E897 /* Alamofire.framework */; };
		DD10D97E1ED35DFA00F2E897 /* Alamofire.framework in Embed Frameworks */ = {isa = PBXBuildFile; fileRef = DD10D97A1ED35DFA00F2E897 /* Alamofire.framework */; settings = {ATTRIBUTES = (CodeSignOnCopy, RemoveHeadersOnCopy, ); }; };
		DD10D97F1ED35DFA00F2E897 /* OpenSansSwift.framework in Frameworks */ = {isa = PBXBuildFile; fileRef = DD10D97B1ED35DFA00F2E897 /* OpenSansSwift.framework */; };
		DD10D9801ED35DFA00F2E897 /* OpenSansSwift.framework in Embed Frameworks */ = {isa = PBXBuildFile; fileRef = DD10D97B1ED35DFA00F2E897 /* OpenSansSwift.framework */; settings = {ATTRIBUTES = (CodeSignOnCopy, RemoveHeadersOnCopy, ); }; };
		DD10D9811ED35DFA00F2E897 /* SwiftyBeaver.framework in Frameworks */ = {isa = PBXBuildFile; fileRef = DD10D97C1ED35DFA00F2E897 /* SwiftyBeaver.framework */; };
		DD10D9821ED35DFA00F2E897 /* SwiftyBeaver.framework in Embed Frameworks */ = {isa = PBXBuildFile; fileRef = DD10D97C1ED35DFA00F2E897 /* SwiftyBeaver.framework */; settings = {ATTRIBUTES = (CodeSignOnCopy, RemoveHeadersOnCopy, ); }; };
		DD10D9881ED35E5300F2E897 /* Alamofire.framework.dSYM in CopyFiles */ = {isa = PBXBuildFile; fileRef = DD10D9851ED35E5300F2E897 /* Alamofire.framework.dSYM */; };
		DD10D9891ED35E5300F2E897 /* OpenSansSwift.framework.dSYM in CopyFiles */ = {isa = PBXBuildFile; fileRef = DD10D9861ED35E5300F2E897 /* OpenSansSwift.framework.dSYM */; };
		DD10D98A1ED35E5300F2E897 /* SwiftyBeaver.framework.dSYM in CopyFiles */ = {isa = PBXBuildFile; fileRef = DD10D9871ED35E5300F2E897 /* SwiftyBeaver.framework.dSYM */; };
		DD10D98C1ED36DF400F2E897 /* ValueHeader.swift in Sources */ = {isa = PBXBuildFile; fileRef = DD10D98B1ED36DF400F2E897 /* ValueHeader.swift */; };
		DD10D98E1ED36E2700F2E897 /* Value.swift in Sources */ = {isa = PBXBuildFile; fileRef = DD10D98D1ED36E2700F2E897 /* Value.swift */; };
		DD4FE3C41ED578FA00F73CF5 /* UIColor+Customs.swift in Sources */ = {isa = PBXBuildFile; fileRef = DD4FE3C31ED578FA00F73CF5 /* UIColor+Customs.swift */; };
		DDC6B3DB1ED46B330074CEC8 /* SwiftyJSON.framework in Frameworks */ = {isa = PBXBuildFile; fileRef = DDC6B3DA1ED46B330074CEC8 /* SwiftyJSON.framework */; };
		DDC6B3DC1ED46B330074CEC8 /* SwiftyJSON.framework in Embed Frameworks */ = {isa = PBXBuildFile; fileRef = DDC6B3DA1ED46B330074CEC8 /* SwiftyJSON.framework */; settings = {ATTRIBUTES = (CodeSignOnCopy, RemoveHeadersOnCopy, ); }; };
		DDC6B3DE1ED46B410074CEC8 /* SwiftyJSON.framework.dSYM in CopyFiles */ = {isa = PBXBuildFile; fileRef = DDC6B3DD1ED46B410074CEC8 /* SwiftyJSON.framework.dSYM */; };
		DDC6B3E11ED477590074CEC8 /* CurrentWeather.swift in Sources */ = {isa = PBXBuildFile; fileRef = DDC6B3E01ED477590074CEC8 /* CurrentWeather.swift */; };
/* End PBXBuildFile section */

/* Begin PBXCopyFilesBuildPhase section */
		DD10D9831ED35DFA00F2E897 /* Embed Frameworks */ = {
			isa = PBXCopyFilesBuildPhase;
			buildActionMask = 2147483647;
			dstPath = "";
			dstSubfolderSpec = 10;
			files = (
				DDC6B3DC1ED46B330074CEC8 /* SwiftyJSON.framework in Embed Frameworks */,
				DD10D97E1ED35DFA00F2E897 /* Alamofire.framework in Embed Frameworks */,
				DD10D9821ED35DFA00F2E897 /* SwiftyBeaver.framework in Embed Frameworks */,
				DD10D9801ED35DFA00F2E897 /* OpenSansSwift.framework in Embed Frameworks */,
			);
			name = "Embed Frameworks";
			runOnlyForDeploymentPostprocessing = 0;
		};
		DD10D9841ED35E2500F2E897 /* CopyFiles */ = {
			isa = PBXCopyFilesBuildPhase;
			buildActionMask = 2147483647;
			dstPath = "";
			dstSubfolderSpec = 16;
			files = (
				DD10D9881ED35E5300F2E897 /* Alamofire.framework.dSYM in CopyFiles */,
				DD10D9891ED35E5300F2E897 /* OpenSansSwift.framework.dSYM in CopyFiles */,
				DD10D98A1ED35E5300F2E897 /* SwiftyBeaver.framework.dSYM in CopyFiles */,
				DDC6B3DE1ED46B410074CEC8 /* SwiftyJSON.framework.dSYM in CopyFiles */,
			);
			runOnlyForDeploymentPostprocessing = 0;
		};
/* End PBXCopyFilesBuildPhase section */

/* Begin PBXFileReference section */
		DD10D9591ED35AE400F2E897 /* weatherPi_iOS.app */ = {isa = PBXFileReference; explicitFileType = wrapper.application; includeInIndex = 0; path = weatherPi_iOS.app; sourceTree = BUILT_PRODUCTS_DIR; };
		DD10D95C1ED35AE400F2E897 /* AppDelegate.swift */ = {isa = PBXFileReference; lastKnownFileType = sourcecode.swift; path = AppDelegate.swift; sourceTree = "<group>"; };
		DD10D9631ED35AE400F2E897 /* Assets.xcassets */ = {isa = PBXFileReference; lastKnownFileType = folder.assetcatalog; path = Assets.xcassets; sourceTree = "<group>"; };
		DD10D9661ED35AE400F2E897 /* Base */ = {isa = PBXFileReference; lastKnownFileType = file.storyboard; name = Base; path = Base.lproj/LaunchScreen.storyboard; sourceTree = "<group>"; };
		DD10D9681ED35AE400F2E897 /* Info.plist */ = {isa = PBXFileReference; lastKnownFileType = text.plist.xml; path = Info.plist; sourceTree = "<group>"; };
		DD10D9721ED35C1D00F2E897 /* Utility.swift */ = {isa = PBXFileReference; fileEncoding = 4; lastKnownFileType = sourcecode.swift; path = Utility.swift; sourceTree = "<group>"; };
		DD10D9741ED35C7000F2E897 /* ViewController.swift */ = {isa = PBXFileReference; fileEncoding = 4; lastKnownFileType = sourcecode.swift; path = ViewController.swift; sourceTree = "<group>"; };
		DD10D9751ED35C7000F2E897 /* CurrentWeatherView.swift */ = {isa = PBXFileReference; fileEncoding = 4; lastKnownFileType = sourcecode.swift; path = CurrentWeatherView.swift; sourceTree = "<group>"; };
		DD10D9781ED35C7900F2E897 /* BackendCommunicator.swift */ = {isa = PBXFileReference; fileEncoding = 4; lastKnownFileType = sourcecode.swift; path = BackendCommunicator.swift; sourceTree = "<group>"; };
		DD10D97A1ED35DFA00F2E897 /* Alamofire.framework */ = {isa = PBXFileReference; lastKnownFileType = wrapper.framework; name = Alamofire.framework; path = Carthage/Build/iOS/Alamofire.framework; sourceTree = "<group>"; };
		DD10D97B1ED35DFA00F2E897 /* OpenSansSwift.framework */ = {isa = PBXFileReference; lastKnownFileType = wrapper.framework; name = OpenSansSwift.framework; path = Carthage/Build/iOS/OpenSansSwift.framework; sourceTree = "<group>"; };
		DD10D97C1ED35DFA00F2E897 /* SwiftyBeaver.framework */ = {isa = PBXFileReference; lastKnownFileType = wrapper.framework; name = SwiftyBeaver.framework; path = Carthage/Build/iOS/SwiftyBeaver.framework; sourceTree = "<group>"; };
		DD10D9851ED35E5300F2E897 /* Alamofire.framework.dSYM */ = {isa = PBXFileReference; lastKnownFileType = wrapper.dsym; name = Alamofire.framework.dSYM; path = Carthage/Build/iOS/Alamofire.framework.dSYM; sourceTree = "<group>"; };
		DD10D9861ED35E5300F2E897 /* OpenSansSwift.framework.dSYM */ = {isa = PBXFileReference; lastKnownFileType = wrapper.dsym; name = OpenSansSwift.framework.dSYM; path = Carthage/Build/iOS/OpenSansSwift.framework.dSYM; sourceTree = "<group>"; };
		DD10D9871ED35E5300F2E897 /* SwiftyBeaver.framework.dSYM */ = {isa = PBXFileReference; lastKnownFileType = wrapper.dsym; name = SwiftyBeaver.framework.dSYM; path = Carthage/Build/iOS/SwiftyBeaver.framework.dSYM; sourceTree = "<group>"; };
		DD10D98B1ED36DF400F2E897 /* ValueHeader.swift */ = {isa = PBXFileReference; fileEncoding = 4; lastKnownFileType = sourcecode.swift; path = ValueHeader.swift; sourceTree = "<group>"; };
		DD10D98D1ED36E2700F2E897 /* Value.swift */ = {isa = PBXFileReference; fileEncoding = 4; lastKnownFileType = sourcecode.swift; path = Value.swift; sourceTree = "<group>"; };
		DD4FE3C31ED578FA00F73CF5 /* UIColor+Customs.swift */ = {isa = PBXFileReference; fileEncoding = 4; lastKnownFileType = sourcecode.swift; path = "UIColor+Customs.swift"; sourceTree = "<group>"; };
		DDC6B3DA1ED46B330074CEC8 /* SwiftyJSON.framework */ = {isa = PBXFileReference; lastKnownFileType = wrapper.framework; name = SwiftyJSON.framework; path = Carthage/Build/iOS/SwiftyJSON.framework; sourceTree = "<group>"; };
		DDC6B3DD1ED46B410074CEC8 /* SwiftyJSON.framework.dSYM */ = {isa = PBXFileReference; lastKnownFileType = wrapper.dsym; name = SwiftyJSON.framework.dSYM; path = Carthage/Build/iOS/SwiftyJSON.framework.dSYM; sourceTree = "<group>"; };
		DDC6B3E01ED477590074CEC8 /* CurrentWeather.swift */ = {isa = PBXFileReference; fileEncoding = 4; lastKnownFileType = sourcecode.swift; path = CurrentWeather.swift; sourceTree = "<group>"; };
/* End PBXFileReference section */

/* Begin PBXFrameworksBuildPhase section */
		DD10D9561ED35AE400F2E897 /* Frameworks */ = {
			isa = PBXFrameworksBuildPhase;
			buildActionMask = 2147483647;
			files = (
				DDC6B3DB1ED46B330074CEC8 /* SwiftyJSON.framework in Frameworks */,
				DD10D97D1ED35DFA00F2E897 /* Alamofire.framework in Frameworks */,
				DD10D9811ED35DFA00F2E897 /* SwiftyBeaver.framework in Frameworks */,
				DD10D97F1ED35DFA00F2E897 /* OpenSansSwift.framework in Frameworks */,
			);
			runOnlyForDeploymentPostprocessing = 0;
		};
/* End PBXFrameworksBuildPhase section */

/* Begin PBXGroup section */
		DD10D9501ED35AE400F2E897 = {
			isa = PBXGroup;
			children = (
				DD10D96E1ED35B5600F2E897 /* Frameworks */,
				DD10D95B1ED35AE400F2E897 /* weatherPi_iOS */,
				DD10D95A1ED35AE400F2E897 /* Products */,
			);
			sourceTree = "<group>";
		};
		DD10D95A1ED35AE400F2E897 /* Products */ = {
			isa = PBXGroup;
			children = (
				DD10D9591ED35AE400F2E897 /* weatherPi_iOS.app */,
			);
			name = Products;
			sourceTree = "<group>";
		};
		DD10D95B1ED35AE400F2E897 /* weatherPi_iOS */ = {
			isa = PBXGroup;
			children = (
				DD4FE3C21ED578A900F73CF5 /* Extensions */,
				DDC6B3DF1ED4774D0074CEC8 /* Models */,
				DD10D9711ED35B7D00F2E897 /* Utility */,
				DD10D9701ED35B7500F2E897 /* CurrentWeatherView */,
				DD10D96F1ED35B6D00F2E897 /* Backend */,
				DD10D95C1ED35AE400F2E897 /* AppDelegate.swift */,
				DD10D9631ED35AE400F2E897 /* Assets.xcassets */,
				DD10D9651ED35AE400F2E897 /* LaunchScreen.storyboard */,
				DD10D9681ED35AE400F2E897 /* Info.plist */,
			);
			path = weatherPi_iOS;
			sourceTree = "<group>";
		};
		DD10D96E1ED35B5600F2E897 /* Frameworks */ = {
			isa = PBXGroup;
			children = (
				DDC6B3DD1ED46B410074CEC8 /* SwiftyJSON.framework.dSYM */,
				DDC6B3DA1ED46B330074CEC8 /* SwiftyJSON.framework */,
				DD10D9851ED35E5300F2E897 /* Alamofire.framework.dSYM */,
				DD10D9861ED35E5300F2E897 /* OpenSansSwift.framework.dSYM */,
				DD10D9871ED35E5300F2E897 /* SwiftyBeaver.framework.dSYM */,
				DD10D97A1ED35DFA00F2E897 /* Alamofire.framework */,
				DD10D97B1ED35DFA00F2E897 /* OpenSansSwift.framework */,
				DD10D97C1ED35DFA00F2E897 /* SwiftyBeaver.framework */,
			);
			name = Frameworks;
			sourceTree = "<group>";
		};
		DD10D96F1ED35B6D00F2E897 /* Backend */ = {
			isa = PBXGroup;
			children = (
				DD10D9781ED35C7900F2E897 /* BackendCommunicator.swift */,
			);
			name = Backend;
			sourceTree = "<group>";
		};
		DD10D9701ED35B7500F2E897 /* CurrentWeatherView */ = {
			isa = PBXGroup;
			children = (
				DD10D9741ED35C7000F2E897 /* ViewController.swift */,
				DD10D9751ED35C7000F2E897 /* CurrentWeatherView.swift */,
				DD10D98B1ED36DF400F2E897 /* ValueHeader.swift */,
				DD10D98D1ED36E2700F2E897 /* Value.swift */,
			);
			name = CurrentWeatherView;
			sourceTree = "<group>";
		};
		DD10D9711ED35B7D00F2E897 /* Utility */ = {
			isa = PBXGroup;
			children = (
				DD10D9721ED35C1D00F2E897 /* Utility.swift */,
			);
			name = Utility;
			sourceTree = "<group>";
		};
		DD4FE3C21ED578A900F73CF5 /* Extensions */ = {
			isa = PBXGroup;
			children = (
				DD4FE3C31ED578FA00F73CF5 /* UIColor+Customs.swift */,
			);
			name = Extensions;
			sourceTree = "<group>";
		};
		DDC6B3DF1ED4774D0074CEC8 /* Models */ = {
			isa = PBXGroup;
			children = (
				DDC6B3E01ED477590074CEC8 /* CurrentWeather.swift */,
			);
			name = Models;
			sourceTree = "<group>";
		};
/* End PBXGroup section */

/* Begin PBXNativeTarget section */
		DD10D9581ED35AE400F2E897 /* weatherPi_iOS */ = {
			isa = PBXNativeTarget;
			buildConfigurationList = DD10D96B1ED35AE400F2E897 /* Build configuration list for PBXNativeTarget "weatherPi_iOS" */;
			buildPhases = (
				DD10D9551ED35AE400F2E897 /* Sources */,
				DD10D9561ED35AE400F2E897 /* Frameworks */,
				DD10D9571ED35AE400F2E897 /* Resources */,
				DD10D9831ED35DFA00F2E897 /* Embed Frameworks */,
				DD10D9841ED35E2500F2E897 /* CopyFiles */,
			);
			buildRules = (
			);
			dependencies = (
			);
			name = weatherPi_iOS;
			productName = weatherPi_iOS;
			productReference = DD10D9591ED35AE400F2E897 /* weatherPi_iOS.app */;
			productType = "com.apple.product-type.application";
		};
/* End PBXNativeTarget section */

/* Begin PBXProject section */
		DD10D9511ED35AE400F2E897 /* Project object */ = {
			isa = PBXProject;
			attributes = {
				LastSwiftUpdateCheck = 0830;
				LastUpgradeCheck = 0830;
				ORGANIZATIONNAME = "Jonas Sunnari";
				TargetAttributes = {
					DD10D9581ED35AE400F2E897 = {
						CreatedOnToolsVersion = 8.3.2;
						ProvisioningStyle = Automatic;
					};
				};
			};
			buildConfigurationList = DD10D9541ED35AE400F2E897 /* Build configuration list for PBXProject "weatherPi_iOS" */;
			compatibilityVersion = "Xcode 3.2";
			developmentRegion = English;
			hasScannedForEncodings = 0;
			knownRegions = (
				en,
				Base,
			);
			mainGroup = DD10D9501ED35AE400F2E897;
			productRefGroup = DD10D95A1ED35AE400F2E897 /* Products */;
			projectDirPath = "";
			projectRoot = "";
			targets = (
				DD10D9581ED35AE400F2E897 /* weatherPi_iOS */,
			);
		};
/* End PBXProject section */

/* Begin PBXResourcesBuildPhase section */
		DD10D9571ED35AE400F2E897 /* Resources */ = {
			isa = PBXResourcesBuildPhase;
			buildActionMask = 2147483647;
			files = (
				DD10D9671ED35AE400F2E897 /* LaunchScreen.storyboard in Resources */,
				DD10D9641ED35AE400F2E897 /* Assets.xcassets in Resources */,
			);
			runOnlyForDeploymentPostprocessing = 0;
		};
/* End PBXResourcesBuildPhase section */

/* Begin PBXSourcesBuildPhase section */
		DD10D9551ED35AE400F2E897 /* Sources */ = {
			isa = PBXSourcesBuildPhase;
			buildActionMask = 2147483647;
			files = (
				DD10D9761ED35C7000F2E897 /* ViewController.swift in Sources */,
				DD4FE3C41ED578FA00F73CF5 /* UIColor+Customs.swift in Sources */,
				DD10D9771ED35C7000F2E897 /* CurrentWeatherView.swift in Sources */,
				DDC6B3E11ED477590074CEC8 /* CurrentWeather.swift in Sources */,
				DD10D98E1ED36E2700F2E897 /* Value.swift in Sources */,
				DD10D98C1ED36DF400F2E897 /* ValueHeader.swift in Sources */,
				DD10D9791ED35C7900F2E897 /* BackendCommunicator.swift in Sources */,
				DD10D95D1ED35AE400F2E897 /* AppDelegate.swift in Sources */,
				DD10D9731ED35C1D00F2E897 /* Utility.swift in Sources */,
			);
			runOnlyForDeploymentPostprocessing = 0;
		};
/* End PBXSourcesBuildPhase section */

/* Begin PBXVariantGroup section */
		DD10D9651ED35AE400F2E897 /* LaunchScreen.storyboard */ = {
			isa = PBXVariantGroup;
			children = (
				DD10D9661ED35AE400F2E897 /* Base */,
			);
			name = LaunchScreen.storyboard;
			sourceTree = "<group>";
		};
/* End PBXVariantGroup section */

/* Begin XCBuildConfiguration section */
		DD10D9691ED35AE400F2E897 /* Debug */ = {
			isa = XCBuildConfiguration;
			buildSettings = {
				ALWAYS_SEARCH_USER_PATHS = NO;
				CLANG_ANALYZER_NONNULL = YES;
				CLANG_ANALYZER_NUMBER_OBJECT_CONVERSION = YES_AGGRESSIVE;
				CLANG_CXX_LANGUAGE_STANDARD = "gnu++0x";
				CLANG_CXX_LIBRARY = "libc++";
				CLANG_ENABLE_MODULES = YES;
				CLANG_ENABLE_OBJC_ARC = YES;
				CLANG_WARN_BOOL_CONVERSION = YES;
				CLANG_WARN_CONSTANT_CONVERSION = YES;
				CLANG_WARN_DIRECT_OBJC_ISA_USAGE = YES_ERROR;
				CLANG_WARN_DOCUMENTATION_COMMENTS = YES;
				CLANG_WARN_EMPTY_BODY = YES;
				CLANG_WARN_ENUM_CONVERSION = YES;
				CLANG_WARN_INFINITE_RECURSION = YES;
				CLANG_WARN_INT_CONVERSION = YES;
				CLANG_WARN_OBJC_ROOT_CLASS = YES_ERROR;
				CLANG_WARN_SUSPICIOUS_MOVE = YES;
				CLANG_WARN_UNREACHABLE_CODE = YES;
				CLANG_WARN__DUPLICATE_METHOD_MATCH = YES;
				"CODE_SIGN_IDENTITY[sdk=iphoneos*]" = "iPhone Developer";
				COPY_PHASE_STRIP = NO;
				DEBUG_INFORMATION_FORMAT = dwarf;
				ENABLE_STRICT_OBJC_MSGSEND = YES;
				ENABLE_TESTABILITY = YES;
				GCC_C_LANGUAGE_STANDARD = gnu99;
				GCC_DYNAMIC_NO_PIC = NO;
				GCC_NO_COMMON_BLOCKS = YES;
				GCC_OPTIMIZATION_LEVEL = 0;
				GCC_PREPROCESSOR_DEFINITIONS = (
					"DEBUG=1",
					"$(inherited)",
				);
				GCC_WARN_64_TO_32_BIT_CONVERSION = YES;
				GCC_WARN_ABOUT_RETURN_TYPE = YES_ERROR;
				GCC_WARN_UNDECLARED_SELECTOR = YES;
				GCC_WARN_UNINITIALIZED_AUTOS = YES_AGGRESSIVE;
				GCC_WARN_UNUSED_FUNCTION = YES;
				GCC_WARN_UNUSED_VARIABLE = YES;
				IPHONEOS_DEPLOYMENT_TARGET = 10.0;
				MTL_ENABLE_DEBUG_INFO = YES;
				ONLY_ACTIVE_ARCH = YES;
				SDKROOT = iphoneos;
				SWIFT_ACTIVE_COMPILATION_CONDITIONS = DEBUG;
				SWIFT_OPTIMIZATION_LEVEL = "-Onone";
			};
			name = Debug;
		};
		DD10D96A1ED35AE400F2E897 /* Release */ = {
			isa = XCBuildConfiguration;
			buildSettings = {
				ALWAYS_SEARCH_USER_PATHS = NO;
				CLANG_ANALYZER_NONNULL = YES;
				CLANG_ANALYZER_NUMBER_OBJECT_CONVERSION = YES_AGGRESSIVE;
				CLANG_CXX_LANGUAGE_STANDARD = "gnu++0x";
				CLANG_CXX_LIBRARY = "libc++";
				CLANG_ENABLE_MODULES = YES;
				CLANG_ENABLE_OBJC_ARC = YES;
				CLANG_WARN_BOOL_CONVERSION = YES;
				CLANG_WARN_CONSTANT_CONVERSION = YES;
				CLANG_WARN_DIRECT_OBJC_ISA_USAGE = YES_ERROR;
				CLANG_WARN_DOCUMENTATION_COMMENTS = YES;
				CLANG_WARN_EMPTY_BODY = YES;
				CLANG_WARN_ENUM_CONVERSION = YES;
				CLANG_WARN_INFINITE_RECURSION = YES;
				CLANG_WARN_INT_CONVERSION = YES;
				CLANG_WARN_OBJC_ROOT_CLASS = YES_ERROR;
				CLANG_WARN_SUSPICIOUS_MOVE = YES;
				CLANG_WARN_UNREACHABLE_CODE = YES;
				CLANG_WARN__DUPLICATE_METHOD_MATCH = YES;
				"CODE_SIGN_IDENTITY[sdk=iphoneos*]" = "iPhone Developer";
				COPY_PHASE_STRIP = NO;
				DEBUG_INFORMATION_FORMAT = "dwarf-with-dsym";
				ENABLE_NS_ASSERTIONS = NO;
				ENABLE_STRICT_OBJC_MSGSEND = YES;
				GCC_C_LANGUAGE_STANDARD = gnu99;
				GCC_NO_COMMON_BLOCKS = YES;
				GCC_WARN_64_TO_32_BIT_CONVERSION = YES;
				GCC_WARN_ABOUT_RETURN_TYPE = YES_ERROR;
				GCC_WARN_UNDECLARED_SELECTOR = YES;
				GCC_WARN_UNINITIALIZED_AUTOS = YES_AGGRESSIVE;
				GCC_WARN_UNUSED_FUNCTION = YES;
				GCC_WARN_UNUSED_VARIABLE = YES;
				IPHONEOS_DEPLOYMENT_TARGET = 10.0;
				MTL_ENABLE_DEBUG_INFO = NO;
				SDKROOT = iphoneos;
				SWIFT_OPTIMIZATION_LEVEL = "-Owholemodule";
				VALIDATE_PRODUCT = YES;
			};
			name = Release;
		};
		DD10D96C1ED35AE400F2E897 /* Debug */ = {
			isa = XCBuildConfiguration;
			buildSettings = {
				ASSETCATALOG_COMPILER_APPICON_NAME = AppIcon;
				FRAMEWORK_SEARCH_PATHS = (
					"$(inherited)",
					"$(PROJECT_DIR)/Carthage/Build/iOS",
				);
				INFOPLIST_FILE = weatherPi_iOS/Info.plist;
				LD_RUNPATH_SEARCH_PATHS = "$(inherited) @executable_path/Frameworks";
				PRODUCT_BUNDLE_IDENTIFIER = "nu.sunnari.weatherPi-iOS";
				PRODUCT_NAME = "$(TARGET_NAME)";
				SWIFT_VERSION = 3.0;
			};
			name = Debug;
		};
		DD10D96D1ED35AE400F2E897 /* Release */ = {
			isa = XCBuildConfiguration;
			buildSettings = {
				ASSETCATALOG_COMPILER_APPICON_NAME = AppIcon;
				FRAMEWORK_SEARCH_PATHS = (
					"$(inherited)",
					"$(PROJECT_DIR)/Carthage/Build/iOS",
				);
				INFOPLIST_FILE = weatherPi_iOS/Info.plist;
				LD_RUNPATH_SEARCH_PATHS = "$(inherited) @executable_path/Frameworks";
				PRODUCT_BUNDLE_IDENTIFIER = "nu.sunnari.weatherPi-iOS";
				PRODUCT_NAME = "$(TARGET_NAME)";
				SWIFT_VERSION = 3.0;
			};
			name = Release;
		};
/* End XCBuildConfiguration section */

/* Begin XCConfigurationList section */
		DD10D9541ED35AE400F2E897 /* Build configuration list for PBXProject "weatherPi_iOS" */ = {
			isa = XCConfigurationList;
			buildConfigurations = (
				DD10D9691ED35AE400F2E897 /* Debug */,
				DD10D96A1ED35AE400F2E897 /* Release */,
			);
			defaultConfigurationIsVisible = 0;
			defaultConfigurationName = Release;
		};
		DD10D96B1ED35AE400F2E897 /* Build configuration list for PBXNativeTarget "weatherPi_iOS" */ = {
			isa = XCConfigurationList;
			buildConfigurations = (
				DD10D96C1ED35AE400F2E897 /* Debug */,
				DD10D96D1ED35AE400F2E897 /* Release */,
			);
			defaultConfigurationIsVisible = 0;
			defaultConfigurationName = Release;
		};
/* End XCConfigurationList section */
	};
	rootObject = DD10D9511ED35AE400F2E897 /* Project object */;
}
